
Microsoft Visual Studio Solution File, Format Version 12.00
# Visual Studio Version 16
VisualStudioVersion = 16.0.32228.343
MinimumVisualStudioVersion = 10.0.40219.1
Project("{FAE04EC0-301F-11D3-BF4B-00C04F79EFBC}") = "ManipulatingDataConnection", "ManipulatingDataConnection\ManipulatingDataConnection.csproj", "{6A72C151-0BF7-48D6-889C-F86F6E6B790E}"
EndProject
Global
	GlobalSection(SolutionConfigurationPlatforms) = preSolution
		Debug|Any CPU = Debug|Any CPU
		Release|Any CPU = Release|Any CPU
	EndGlobalSection
	GlobalSection(ProjectConfigurationPlatforms) = postSolution
		{6A72C151-0BF7-48D6-889C-F86F6E6B790E}.Debug|Any CPU.ActiveCfg = Debug|Any CPU
		{6A72C151-0BF7-48D6-889C-F86F6E6B790E}.Debug|Any CPU.Build.0 = Debug|Any CPU
		{6A72C151-0BF7-48D6-889C-F86F6E6B790E}.Release|Any CPU.ActiveCfg = Release|Any CPU
		{6A72C151-0BF7-48D6-889C-F86F6E6B790E}.Release|Any CPU.Build.0 = Release|Any CPU
	EndGlobalSection
	GlobalSection(SolutionProperties) = preSolution
		HideSolutionNode = FALSE
	EndGlobalSection
	GlobalSection(ExtensibilityGlobals) = postSolution
		SolutionGuid = {3A35076D-C45F-4383-92C1-4CA8E3C8BF72}
	EndGlobalSection
EndGlobal
